naftiko: 1.0.0-alpha2
info:
  label: Amazon Web Services simspaceweaver — Startclock
  description: 'Amazon Web Services simspaceweaver — Startclock. 1 operations. Lead operation: Amazon Web Services Startclock.
    Self-contained Naftiko capability covering one Amazon Web Services business surface.'
  tags:
  - Amazon Web Services
  - Startclock
  created: '2026-05-19'
  modified: '2026-05-19'
binds:
- namespace: env
  keys:
    AMAZON_WEB_SERVICES_API_KEY: AMAZON_WEB_SERVICES_API_KEY
capability:
  consumes:
  - type: http
    namespace: simspaceweaver-startclock
    baseUri: ''
    description: Amazon Web Services simspaceweaver — Startclock business capability. Self-contained, no shared references.
    resources:
    - name: startclock
      path: /startclock
      operations:
      - name: amazonwebservicesstartclock
        method: POST
        description: Amazon Web Services Startclock
        outputRawFormat: json
        outputParameters:
        - name: result
          type: object
          value: $.
  exposes:
  - type: rest
    namespace: simspaceweaver-startclock-rest
    port: 8080
    description: REST adapter for Amazon Web Services simspaceweaver — Startclock. One Spectral-compliant resource per consumed
      operation, prefixed with /v1.
    resources:
    - path: /v1/startclock
      name: startclock
      description: REST surface for startclock.
      operations:
      - method: POST
        name: amazonwebservicesstartclock
        description: Amazon Web Services Startclock
        call: simspaceweaver-startclock.amazonwebservicesstartclock
        outputParameters:
        - type: object
          mapping: $.
  - type: mcp
    namespace: simspaceweaver-startclock-mcp
    port: 9090
    transport: http
    description: MCP adapter for Amazon Web Services simspaceweaver — Startclock. One tool per consumed operation, routed
      inline through this capability's consumes block.
    tools:
    - name: amazon-web-services-startclock
      description: Amazon Web Services Startclock
      hints:
        readOnly: false
        destructive: false
        idempotent: false
      call: simspaceweaver-startclock.amazonwebservicesstartclock
      outputParameters:
      - type: object
        mapping: $.
